version = 1
revision = 3
requires-python = "==3.10.*"

[[package]]
name = "absl-py"
version = "2.4.0"
source = { registry = "https://pypi.org/simple" }
sdist = { url = "https://files.pythonhosted.org/packages/64/c7/8de93764ad66968d19329a7e0c147a2bb3c7054c554d4a119111b8f9440f/absl_py-2.4.0.tar.gz", hash = "sha256:8c6af82722b35cf71e0f4d1d47dcaebfff286e27110a99fc359349b247dfb5d4", size = 116543, upload-time = "2026-01-28T10:17:05.322Z" }
wheels = [
    { url = "https://files.pythonhosted.org/packages/18/a6/907a406bb7d359e6a63f99c313846d9eec4f7e6f7437809e03aa00fa3074/absl_py-2.4.0-py3-none-any.whl", hash = "sha256:88476fd881ca8aab94ffa78b7b6c632a782ab3ba1cd19c9bd423abc4fb4cd28d", size = 135750, upload-time = "2026-01-28T10:17:04.19Z" },
]

[[package]]
name = "etils"
version = "1.13.0"
source = { registry = "https://pypi.org/simple" }
sdist = { url = "https://files.pythonhosted.org/packages/9b/a0/522bbff0f3cdd37968f90dd7f26c7aa801ed87f5ba335f156de7f2b88a48/etils-1.13.0.tar.gz", hash = "sha256:a5b60c71f95bcd2d43d4e9fb3dc3879120c1f60472bb5ce19f7a860b1d44f607", size = 106368, upload-time = "2025-07-15T10:29:10.563Z" }
wheels = [
    { url = "https://files.pythonhosted.org/packages/e7/98/87b5946356095738cb90a6df7b35ff69ac5750f6e783d5fbcc5cb3b6cbd7/etils-1.13.0-py3-none-any.whl", hash = "sha256:d9cd4f40fbe77ad6613b7348a18132cc511237b6c076dbb89105c0b520a4c6bb", size = 170603, upload-time = "2025-07-15T10:29:09.076Z" },
]

[package.optional-dependencies]
epath = [
    { name = "fsspec" },
    { name = "importlib-resources" },
    { name = "typing-extensions" },
    { name = "zipp" },
]

[[package]]
name = "fsspec"
version = "2026.4.0"
source = { registry = "https://pypi.org/simple" }
sdist = { url = "https://files.pythonhosted.org/packages/d5/8d/1c51c094345df128ca4a990d633fe1a0ff28726c9e6b3c41ba65087bba1d/fsspec-2026.4.0.tar.gz", hash = "sha256:301d8ac70ae90ef3ad05dcf94d6c3754a097f9b5fe4667d2787aa359ec7df7e4", size = 312760, upload-time = "2026-04-29T20:42:38.635Z" }
wheels = [
    { url = "https://files.pythonhosted.org/packages/d5/0c/043d5e551459da400957a1395e0febbf771446ff34291afcbe3d8be2a279/fsspec-2026.4.0-py3-none-any.whl", hash = "sha256:11ef7bb35dab8a394fde6e608221d5cf3e8499401c249bebaeaad760a1a8dec2", size = 203402, upload-time = "2026-04-29T20:42:36.842Z" },
]

[[package]]
name = "glfw"
version = "2.10.0"
source = { registry = "https://pypi.org/simple" }
sdist = { url = "https://files.pythonhosted.org/packages/96/72/642d4f12f61816ac96777f7360d413e3977a7dd08237d196f02da681b186/glfw-2.10.0.tar.gz", hash = "sha256:801e55d8581b34df9aa2cfea43feb06ff617576e2a8cc5dac23ee75b26d10abe", size = 31475, upload-time = "2025-09-12T08:54:38.871Z" }
wheels = [
    { url = "https://files.pythonhosted.org/packages/3d/1f/a9ce08b1173b0ab625ee92f0c47a5278b3e76fd367699880d8ee7d56c338/glfw-2.10.0-py2.py27.py3.py30.py31.py32.py33.py34.py35.py36.py37.py38.p39.p310.p311.p312.p313-none-macosx_10_6_intel.whl", hash = "sha256:5f365a8c94bcea71ec91327e7c16e7cf739128479a18b8c1241b004b40acc412", size = 105329, upload-time = "2025-09-12T08:54:27.938Z" },
    { url = "https://files.pythonhosted.org/packages/7c/96/5a2220abcbd027eebcf8bedd28207a2de168899e51be13ba01ebdd4147a1/glfw-2.10.0-py2.py27.py3.py30.py31.py32.py33.py34.py35.py36.py37.py38.p39.p310.p311.p312.p313-none-macosx_11_0_arm64.whl", hash = "sha256:5328db1a92d07abd988730517ec02aa8390d3e6ef7ce98c8b57ecba2f43a39ba", size = 102179, upload-time = "2025-09-12T08:54:29.163Z" },
    { url = "https://files.pythonhosted.org/packages/9d/41/a5bd1d9e1808f400102bd7d328c4ac17b65fb2fc8014014ec6f23d02f662/glfw-2.10.0-py2.py27.py3.py30.py31.py32.py33.py34.py35.py36.py37.py38.p39.p310.p311.p312.p313-none-manylinux2014_aarch64.whl", hash = "sha256:312c4c1dd5509613ed6bc1e95a8dbb75a36b6dcc4120f50dc3892b40172e9053", size = 230039, upload-time = "2025-09-12T08:54:30.201Z" },
    { url = "https://files.pythonhosted.org/packages/80/aa/3b503c448609dee6cb4e7138b4109338f0e65b97be107ab85562269d378d/glfw-2.10.0-py2.py27.py3.py30.py31.py32.py33.py34.py35.py36.py37.py38.p39.p310.p311.p312.p313-none-manylinux2014_x86_64.whl", hash = "sha256:59c53387dc08c62e8bed86bbe3a8d53ab1b27161281ffa0e7f27b64284e2627c", size = 241984, upload-time = "2025-09-12T08:54:31.347Z" },
    { url = "https://files.pythonhosted.org/packages/ac/2d/bfe39a42cad8e80b02bf5f7cae19ba67832c1810bbd3624a8e83153d74a4/glfw-2.10.0-py2.py27.py3.py30.py31.py32.py33.py34.py35.py36.py37.py38.p39.p310.p311.p312.p313-none-manylinux_2_28_aarch64.whl", hash = "sha256:c6f292fdaf3f9a99e598ede6582d21c523a6f51f8f5e66213849101a6bcdc699", size = 231052, upload-time = "2025-09-12T08:54:32.859Z" },
    { url = "https://files.pythonhosted.org/packages/f7/02/6e639e90f181dc9127046e00d0528f9f7ad12d428972e3a5378b9aefdb0b/glfw-2.10.0-py2.py27.py3.py30.py31.py32.py33.py34.py35.py36.py37.py38.p39.p310.p311.p312.p313-none-manylinux_2_28_x86_64.whl", hash = "sha256:7916034efa867927892635733a3b6af8cd95ceb10566fd7f1e0d2763c2ee8b12", size = 243525, upload-time = "2025-09-12T08:54:34.006Z" },
    { url = "https://files.pythonhosted.org/packages/84/06/cb588ca65561defe0fc48d1df4c2ac12569b81231ae4f2b52ab37007d0bd/glfw-2.10.0-py2.py27.py3.py30.py31.py32.py33.py34.py35.py36.py37.py38.p39.p310.p311.p312.p313-none-win32.whl", hash = "sha256:6c9549da71b93e367b4d71438798daae1da2592039fd14204a80a1a2348ae127", size = 552685, upload-time = "2025-09-12T08:54:35.723Z" },
    { url = "https://files.pythonhosted.org/packages/86/27/00c9c96af18ac0a5eac2ff61cbe306551a2d770d7173f396d0792ee1a59e/glfw-2.10.0-py2.py27.py3.py30.py31.py32.py33.py34.py35.py36.py37.py38.p39.p310.p311.p312.p313-none-win_amd64.whl", hash = "sha256:6292d5d6634d668cd23d337e6089491d3945a9aa4ac6e1667b0003520d7caa51", size = 559466, upload-time = "2025-09-12T08:54:37.661Z" },
    { url = "https://files.pythonhosted.org/packages/b3/87/de0b33f6f00687499ca1371f22aa73396341b85bf88f1a284f9da8842493/glfw-2.10.0-py2.py27.py3.py30.py31.py32.py33.py34.py35.py36.py37.py38.py39.py310.py311.py312.py313.py314-none-macosx_10_6_intel.whl", hash = "sha256:2aab89d2d9535635ba011fc7303390685169a1aa6731ad580d08d043524b8899", size = 105326, upload-time = "2026-01-28T05:57:56.083Z" },
    { url = "https://files.pythonhosted.org/packages/b6/a6/6ea2f73ad4474896d9e38b3ffbe6ffd5a802c738392269e99e8c6621a461/glfw-2.10.0-py2.py27.py3.py30.py31.py32.py33.py34.py35.py36.py37.py38.py39.py310.py311.py312.py313.py314-none-macosx_11_0_arm64.whl", hash = "sha256:23936202a107039b5372f0b88ae1d11080746aa1c78910a45d4a0c4cf408cfaa", size = 102180, upload-time = "2026-01-28T05:57:57.787Z" },
    { url = "https://files.pythonhosted.org/packages/58/19/d81b19e8261b9cb51b81d1402167791fef81088dfe91f0c4e9d136fdc5ca/glfw-2.10.0-py2.py27.py3.py30.py31.py32.py33.py34.py35.py36.py37.py38.py39.py310.py311.py312.py313.py314-none-manylinux2014_aarch64.whl", hash = "sha256:7be06d0838f61df67bd54cb6266a6193d54083acb3624ff3c3812a6358406fa4", size = 230038, upload-time = "2026-01-28T05:57:59.105Z" },
    { url = "https://files.pythonhosted.org/packages/e2/fa/b035636cd82198b97b51a93efe9cfc4343d6b15cefbd336a3f2be871d848/glfw-2.10.0-py2.py27.py3.py30.py31.py32.py33.py34.py35.py36.py37.py38.py39.py310.py311.py312.py313.py314-none-manylinux2014_x86_64.whl", hash = "sha256:91d36b3582a766512eff8e3b5dcc2d3ffcbf10b7cf448551085a08a10f1b8244", size = 241983, upload-time = "2026-01-28T05:58:00.352Z" },
    { url = "https://files.pythonhosted.org/packages/ff/b4/f7b6cc022dd7c68b6c702d19da5d591f978f89c958b9bd3090615db0c739/glfw-2.10.0-py2.py27.py3.py30.py31.py32.py33.py34.py35.py36.py37.py38.py39.py310.py311.py312.py313.py314-none-manylinux_2_28_aarch64.whl", hash = "sha256:27c9e9a2d5e1dc3c9e3996171d844d9df9a5a101e797cb94cce217b7afcf8fd9", size = 231053, upload-time = "2026-01-28T05:58:01.683Z" },
    { url = "https://files.pythonhosted.org/packages/5a/3f/efeb7c6801c46e11bd666a5180f0d615f74f72264212f74f39586c6fda9d/glfw-2.10.0-py2.py27.py3.py30.py31.py32.py33.py34.py35.py36.py37.py38.py39.py310.py311.py312.py313.py314-none-manylinux_2_28_x86_64.whl", hash = "sha256:ce6724bb7cb3d0543dcba17206dce909f94176e68220b8eafee72e9f92bcf542", size = 243522, upload-time = "2026-01-28T05:58:03.517Z" },
    { url = "https://files.pythonhosted.org/packages/cf/b9/b04c3aa0aad2870cfe799f32f8b59789c98e1816bbce9e83f4823c5b840b/glfw-2.10.0-py2.py27.py3.py30.py31.py32.py33.py34.py35.py36.py37.py38.py39.py310.py311.py312.py313.py314-none-win32.whl", hash = "sha256:fca724a21a372731edb290841edd28a9fb1ee490f833392752844ac807c0086a", size = 552682, upload-time = "2026-01-28T05:58:05.649Z" },
    { url = "https://files.pythonhosted.org/packages/bd/e1/6d6816b296a529ac9b897ad228b1e084eb1f92319e96371880eebdc874a6/glfw-2.10.0-py2.py27.py3.py30.py31.py32.py33.py34.py35.py36.py37.py38.py39.py310.py311.py312.py313.py314-none-win_amd64.whl", hash = "sha256:823c0bd7770977d4b10e0ed0aef2f3682276b7c88b8b65cfc540afce5951392f", size = 559464, upload-time = "2026-01-28T05:58:07.261Z" },
    { url = "https://files.pythonhosted.org/packages/8c/a8/d4dab8a58fc2e6981fc7a58c4e56ba9d777fb24931cec6a22152edbb3540/glfw-2.10.0-py2.py3-none-macosx_10_6_intel.whl", hash = "sha256:a0d1f29f206219cc291edfb6cace663a86da2470632551c998e3db82d48ea177", size = 105288, upload-time = "2026-03-10T17:21:19.929Z" },
    { url = "https://files.pythonhosted.org/packages/14/61/68d35e001872a7705112418da236fa2418d4f2e5419f8b2837f9b81bb3da/glfw-2.10.0-py2.py3-none-macosx_11_0_arm64.whl", hash = "sha256:d28d6f3ef217e64e35dc6fd0a7acb4cec9bfe7cd14dd9b35a7228a87002de154", size = 102139, upload-time = "2026-03-10T17:21:21.645Z" },
    { url = "https://files.pythonhosted.org/packages/4e/e1/ca5984081aaae07c9d371cb11dc4e4ff603510678ed9b73e58b6c351fe63/glfw-2.10.0-py2.py3-none-manylinux2014_aarch64.whl", hash = "sha256:f968b522bb6a0e04aaf4dcac30a476d7229308bb2bac406a60587debb5a61e29", size = 229998, upload-time = "2026-03-10T17:21:23.549Z" },
    { url = "https://files.pythonhosted.org/packages/fa/c4/82ac75fdcfba2896da7a573c0fc7f8ceb8f77ead6866d500d06c32f1c464/glfw-2.10.0-py2.py3-none-manylinux2014_x86_64.whl", hash = "sha256:68cf3752bdadb6f4bc0a876247c28c88c7251ac39f8af076ed938fdfd71e72dd", size = 241944, upload-time = "2026-03-10T17:21:26.102Z" },
    { url = "https://files.pythonhosted.org/packages/e3/96/9f691823cca5eb6a08f346bd0ff03b78032db9370b509a1e9c8976fb20a5/glfw-2.10.0-py2.py3-none-manylinux_2_28_aarch64.whl", hash = "sha256:44d98de5dbf8f727e0cb29f9b29d29528ea7570f2e6f42f8430a69df05f12b48", size = 231009, upload-time = "2026-03-10T17:21:28.481Z" },
    { url = "https://files.pythonhosted.org/packages/3f/93/977b9e679e356871d428ae7a1139ec767dd5177bed58a6344b4d2199e00f/glfw-2.10.0-py2.py3-none-manylinux_2_28_x86_64.whl", hash = "sha256:cca5158d62189e08792b1ae54f92307a282921a0e7783315b467e21b0a381c88", size = 243480, upload-time = "2026-03-10T17:21:30.538Z" },
    { url = "https://files.pythonhosted.org/packages/f9/bd/cea9569c8f2188b0a104472951420434a3e1f5cf26f5836ef9d7227a1a30/glfw-2.10.0-py2.py3-none-win32.whl", hash = "sha256:5e024509989740e8e7b86cc4aab508195495f79879072b0e1f68bd036a2916ad", size = 552641, upload-time = "2026-03-10T17:21:32.653Z" },
    { url = "https://files.pythonhosted.org/packages/cc/9b/4366ad3e1c0688146c70aa6143584d6a8d88583b9390f106250e25a3d5cd/glfw-2.10.0-py2.py3-none-win_amd64.whl", hash = "sha256:7f787ee8645781f10e8800438ce4357ab38c573ffb191aba380c1e72eba6311c", size = 559423, upload-time = "2026-03-10T17:21:34.766Z" },
]

[[package]]
name = "importlib-resources"
version = "7.1.0"
source = { registry = "https://pypi.org/simple" }
sdist = { url = "https://files.pythonhosted.org/packages/e4/06/b56dfa750b44e86157093bc8fca0ab81dccbf5260510de4eaf1cb69b5b99/importlib_resources-7.1.0.tar.gz", hash = "sha256:0722d4c6212489c530f2a145a34c0a7a3b4721bc96a15fada5930e2a0b760708", size = 44985, upload-time = "2026-04-12T16:36:09.232Z" }
wheels = [
    { url = "https://files.pythonhosted.org/packages/8a/db/55a262f3606bebcae07cc14095338471ad7c0bbcaa37707e6f0ee49725b7/importlib_resources-7.1.0-py3-none-any.whl", hash = "sha256:1bd7b48b4088eddb2cd16382150bb515af0bd2c70128194392725f82ad2c96a1", size = 37232, upload-time = "2026-04-12T16:36:08.219Z" },
]

[[package]]
name = "mujoco"
version = "3.9.0"
source = { registry = "https://pypi.org/simple" }
dependencies = [
    { name = "absl-py" },
    { name = "etils", extra = ["epath"] },
    { name = "glfw" },
    { name = "numpy" },
    { name = "pyopengl" },
]
sdist = { url = "https://files.pythonhosted.org/packages/bc/f6/325fa0c1a1d63b1bb6852e265fb8d7fd8a88ddcd3580dc153e1dceb197dd/mujoco-3.9.0.tar.gz", hash = "sha256:0a1ca878c4a80893251420037a0583252d1356a0cc8d661268627c674c7835f7", size = 923500, upload-time = "2026-05-27T14:49:48.52Z" }
wheels = [
    { url = "https://files.pythonhosted.org/packages/8c/69/e6fb9f09a800d8440dd8816ca1fe6aece40f082b402d04b511748ebccafd/mujoco-3.9.0-cp310-cp310-macosx_10_16_x86_64.whl", hash = "sha256:30086de10ebcabeac9ab41f424d348e361cf50efc1ae7c895b5ea13e0122fdb5", size = 7427548, upload-time = "2026-05-27T14:48:57.499Z" },
    { url = "https://files.pythonhosted.org/packages/0b/01/4bc30246ea32aacd4a940aa1144d2b37ab2bbd4892ef6aca3ba85ce675b1/mujoco-3.9.0-cp310-cp310-macosx_11_0_arm64.whl", hash = "sha256:5a023628a0b5b02d05c55ada02dd4da0a6b97555d11e124f19d865824fc98ed8", size = 7496147, upload-time = "2026-05-27T14:49:00.301Z" },
    { url = "https://files.pythonhosted.org/packages/5e/02/e6b307a599332cfd328fced678e86faf793cf54946c0fe01cc7d327de25b/mujoco-3.9.0-cp310-cp310-manylinux_2_27_aarch64.manylinux_2_28_aarch64.whl", hash = "sha256:09d5cf68e9c0c69bae74a28042fe480e51b71977c02becc0805bf7a080668beb", size = 6794087, upload-time = "2026-05-27T14:49:02.373Z" },
    { url = "https://files.pythonhosted.org/packages/29/7e/05cccbb6bfee9991673900964770c9f97d6ea8970bc375a3f793dc00d63a/mujoco-3.9.0-cp310-cp310-manylinux_2_27_x86_64.manylinux_2_28_x86_64.whl", hash = "sha256:c148824d73487fe5ee29c371eff981645f372ccada1f20ea331288323e37c65e", size = 7296599, upload-time = "2026-05-27T14:49:04.865Z" },
    { url = "https://files.pythonhosted.org/packages/90/0e/c48fa9b9372bc1e5d58df39627507b187b257b1ca91d00b5386d667315bd/mujoco-3.9.0-cp310-cp310-win_amd64.whl", hash = "sha256:da56b203c453d87e3c0afa5f9f9ee4d825cbe8516a5ea7e0ba62a1ce71a60349", size = 5878490, upload-time = "2026-05-27T14:49:06.903Z" },
]

[[package]]
name = "numpy"
version = "2.2.6"
source = { registry = "https://pypi.org/simple" }
sdist = { url = "https://files.pythonhosted.org/packages/76/21/7d2a95e4bba9dc13d043ee156a356c0a8f0c6309dff6b21b4d71a073b8a8/numpy-2.2.6.tar.gz", hash = "sha256:e29554e2bef54a90aa5cc07da6ce955accb83f21ab5de01a62c8478897b264fd", size = 20276440, upload-time = "2025-05-17T22:38:04.611Z" }
wheels = [
    { url = "https://files.pythonhosted.org/packages/9a/3e/ed6db5be21ce87955c0cbd3009f2803f59fa08df21b5df06862e2d8e2bdd/numpy-2.2.6-cp310-cp310-macosx_10_9_x86_64.whl", hash = "sha256:b412caa66f72040e6d268491a59f2c43bf03eb6c96dd8f0307829feb7fa2b6fb", size = 21165245, upload-time = "2025-05-17T21:27:58.555Z" },
    { url = "https://files.pythonhosted.org/packages/22/c2/4b9221495b2a132cc9d2eb862e21d42a009f5a60e45fc44b00118c174bff/numpy-2.2.6-cp310-cp310-macosx_11_0_arm64.whl", hash = "sha256:8e41fd67c52b86603a91c1a505ebaef50b3314de0213461c7a6e99c9a3beff90", size = 14360048, upload-time = "2025-05-17T21:28:21.406Z" },
    { url = "https://files.pythonhosted.org/packages/fd/77/dc2fcfc66943c6410e2bf598062f5959372735ffda175b39906d54f02349/numpy-2.2.6-cp310-cp310-macosx_14_0_arm64.whl", hash = "sha256:37e990a01ae6ec7fe7fa1c26c55ecb672dd98b19c3d0e1d1f326fa13cb38d163", size = 5340542, upload-time = "2025-05-17T21:28:30.931Z" },
    { url = "https://files.pythonhosted.org/packages/7a/4f/1cb5fdc353a5f5cc7feb692db9b8ec2c3d6405453f982435efc52561df58/numpy-2.2.6-cp310-cp310-macosx_14_0_x86_64.whl", hash = "sha256:5a6429d4be8ca66d889b7cf70f536a397dc45ba6faeb5f8c5427935d9592e9cf", size = 6878301, upload-time = "2025-05-17T21:28:41.613Z" },
    { url = "https://files.pythonhosted.org/packages/eb/17/96a3acd228cec142fcb8723bd3cc39c2a474f7dcf0a5d16731980bcafa95/numpy-2.2.6-cp310-cp310-manylinux_2_17_aarch64.manylinux2014_aarch64.whl", hash = "sha256:efd28d4e9cd7d7a8d39074a4d44c63eda73401580c5c76acda2ce969e0a38e83", size = 14297320, upload-time = "2025-05-17T21:29:02.78Z" },
    { url = "https://files.pythonhosted.org/packages/b4/63/3de6a34ad7ad6646ac7d2f55ebc6ad439dbbf9c4370017c50cf403fb19b5/numpy-2.2.6-cp310-cp310-manylinux_2_17_x86_64.manylinux2014_x86_64.whl", hash = "sha256:fc7b73d02efb0e18c000e9ad8b83480dfcd5dfd11065997ed4c6747470ae8915", size = 16801050, upload-time = "2025-05-17T21:29:27.675Z" },
    { url = "https://files.pythonhosted.org/packages/07/b6/89d837eddef52b3d0cec5c6ba0456c1bf1b9ef6a6672fc2b7873c3ec4e2e/numpy-2.2.6-cp310-cp310-musllinux_1_2_aarch64.whl", hash = "sha256:74d4531beb257d2c3f4b261bfb0fc09e0f9ebb8842d82a7b4209415896adc680", size = 15807034, upload-time = "2025-05-17T21:29:51.102Z" },
    { url = "https://files.pythonhosted.org/packages/01/c8/dc6ae86e3c61cfec1f178e5c9f7858584049b6093f843bca541f94120920/numpy-2.2.6-cp310-cp310-musllinux_1_2_x86_64.whl", hash = "sha256:8fc377d995680230e83241d8a96def29f204b5782f371c532579b4f20607a289", size = 18614185, upload-time = "2025-05-17T21:30:18.703Z" },
    { url = "https://files.pythonhosted.org/packages/5b/c5/0064b1b7e7c89137b471ccec1fd2282fceaae0ab3a9550f2568782d80357/numpy-2.2.6-cp310-cp310-win32.whl", hash = "sha256:b093dd74e50a8cba3e873868d9e93a85b78e0daf2e98c6797566ad8044e8363d", size = 6527149, upload-time = "2025-05-17T21:30:29.788Z" },
    { url = "https://files.pythonhosted.org/packages/a3/dd/4b822569d6b96c39d1215dbae0582fd99954dcbcf0c1a13c61783feaca3f/numpy-2.2.6-cp310-cp310-win_amd64.whl", hash = "sha256:f0fd6321b839904e15c46e0d257fdd101dd7f530fe03fd6359c1ea63738703f3", size = 12904620, upload-time = "2025-05-17T21:30:48.994Z" },
    { url = "https://files.pythonhosted.org/packages/9e/3b/d94a75f4dbf1ef5d321523ecac21ef23a3cd2ac8b78ae2aac40873590229/numpy-2.2.6-pp310-pypy310_pp73-macosx_10_15_x86_64.whl", hash = "sha256:0b605b275d7bd0c640cad4e5d30fa701a8d59302e127e5f79138ad62762c3e3d", size = 21040391, upload-time = "2025-05-17T21:44:35.948Z" },
    { url = "https://files.pythonhosted.org/packages/17/f4/09b2fa1b58f0fb4f7c7963a1649c64c4d315752240377ed74d9cd878f7b5/numpy-2.2.6-pp310-pypy310_pp73-macosx_14_0_x86_64.whl", hash = "sha256:7befc596a7dc9da8a337f79802ee8adb30a552a94f792b9c9d18c840055907db", size = 6786754, upload-time = "2025-05-17T21:44:47.446Z" },
    { url = "https://files.pythonhosted.org/packages/af/30/feba75f143bdc868a1cc3f44ccfa6c4b9ec522b36458e738cd00f67b573f/numpy-2.2.6-pp310-pypy310_pp73-manylinux_2_17_x86_64.manylinux2014_x86_64.whl", hash = "sha256:ce47521a4754c8f4593837384bd3424880629f718d87c5d44f8ed763edd63543", size = 16643476, upload-time = "2025-05-17T21:45:11.871Z" },
    { url = "https://files.pythonhosted.org/packages/37/48/ac2a9584402fb6c0cd5b5d1a91dcf176b15760130dd386bbafdbfe3640bf/numpy-2.2.6-pp310-pypy310_pp73-win_amd64.whl", hash = "sha256:d042d24c90c41b54fd506da306759e06e568864df8ec17ccc17e9e884634fd00", size = 12812666, upload-time = "2025-05-17T21:45:31.426Z" },
]

[[package]]
name = "pyopengl"
version = "3.1.10"
source = { registry = "https://pypi.org/simple" }
sdist = { url = "https://files.pythonhosted.org/packages/6f/16/912b7225d56284859cd9a672827f18be43f8012f8b7b932bc4bd959a298e/pyopengl-3.1.10.tar.gz", hash = "sha256:c4a02d6866b54eb119c8e9b3fb04fa835a95ab802dd96607ab4cdb0012df8335", size = 1915580, upload-time = "2025-08-18T02:33:01.76Z" }
wheels = [
    { url = "https://files.pythonhosted.org/packages/de/e4/1ba6f44e491c4eece978685230dde56b14d51a0365bc1b774ddaa94d14cd/pyopengl-3.1.10-py3-none-any.whl", hash = "sha256:794a943daced39300879e4e47bd94525280685f42dbb5a998d336cfff151d74f", size = 3194996, upload-time = "2025-08-18T02:32:59.902Z" },
]

[[package]]
name = "robot-sim"
version = "0.1.0"
source = { virtual = "." }
dependencies = [
    { name = "mujoco" },
]

[package.metadata]
requires-dist = [{ name = "mujoco", specifier = ">=3.6,<4" }]

[[package]]
name = "typing-extensions"
version = "4.15.0"
source = { registry = "https://pypi.org/simple" }
sdist = { url = "https://files.pythonhosted.org/packages/72/94/1a15dd82efb362ac84269196e94cf00f187f7ed21c242792a923cdb1c61f/typing_extensions-4.15.0.tar.gz", hash = "sha256:0cea48d173cc12fa28ecabc3b837ea3cf6f38c6d1136f85cbaaf598984861466", size = 109391, upload-time = "2025-08-25T13:49:26.313Z" }
wheels = [
    { url = "https://files.pythonhosted.org/packages/18/67/36e9267722cc04a6b9f15c7f3441c2363321a3ea07da7ae0c0707beb2a9c/typing_extensions-4.15.0-py3-none-any.whl", hash = "sha256:f0fa19c6845758ab08074a0cfa8b7aecb71c999ca73d62883bc25cc018c4e548", size = 44614, upload-time = "2025-08-25T13:49:24.86Z" },
]

[[package]]
name = "zipp"
version = "4.1.0"
source = { registry = "https://pypi.org/simple" }
sdist = { url = "https://files.pythonhosted.org/packages/b9/d8/eab98a517c14134c0b2eb4e2387bc5f457334293ec5d2dd3857ec2966802/zipp-4.1.0.tar.gz", hash = "sha256:4cb57381f544315db7688e976e922a2b18cdb513d21cc194eb42232ba2a3e602", size = 26214, upload-time = "2026-05-18T20:08:57.967Z" }
wheels = [
    { url = "https://files.pythonhosted.org/packages/3a/13/547360d81e6d88d58492968ffda9f9542854f11310ee556fef14260cc886/zipp-4.1.0-py3-none-any.whl", hash = "sha256:25ad4e16390cd314347dd8f1de67a2ac538ae658ed4ab9db16029c07c188e97f", size = 10238, upload-time = "2026-05-18T20:08:57.045Z" },
]
